
Microsoft Visual Studio Solution File, Format Version 12.00
# Visual Studio Version 17
VisualStudioVersion = 17.13.35913.81 d17.13
MinimumVisualStudioVersion = 10.0.40219.1
Project("{FAE04EC0-301F-11D3-BF4B-00C04F79EFBC}") = "GerenciadorDeHabitos", "GerenciadorDeHabitos\GerenciadorDeHabitos.csproj", "{24428BB3-F57F-4367-83E2-EE23DD948056}"
EndProject
Global
	GlobalSection(SolutionConfigurationPlatforms) = preSolution
		Debug|Any CPU = Debug|Any CPU
		Release|Any CPU = Release|Any CPU
	EndGlobalSection
	GlobalSection(ProjectConfigurationPlatforms) = postSolution
		{24428BB3-F57F-4367-83E2-EE23DD948056}.Debug|Any CPU.ActiveCfg = Debug|Any CPU
		{24428BB3-F57F-4367-83E2-EE23DD948056}.Debug|Any CPU.Build.0 = Debug|Any CPU
		{24428BB3-F57F-4367-83E2-EE23DD948056}.Release|Any CPU.ActiveCfg = Release|Any CPU
		{24428BB3-F57F-4367-83E2-EE23DD948056}.Release|Any CPU.Build.0 = Release|Any CPU
	EndGlobalSection
	GlobalSection(SolutionProperties) = preSolution
		HideSolutionNode = FALSE
	EndGlobalSection
	GlobalSection(ExtensibilityGlobals) = postSolution
		SolutionGuid = {F4AD60C4-EC40-4C2C-B2E0-1FEAD4ECD066}
	EndGlobalSection
EndGlobal
